
Microsoft Visual Studio Solution File, Format Version 12.00
# Visual Studio Version 16
VisualStudioVersion = 16.0.810.18
MinimumVisualStudioVersion = 10.0.40219.1
Project("{FAE04EC0-301F-11D3-BF4B-00C04F79EFBC}") = "AVWebsite", "AVWebsite\AVWebsite.csproj", "{088E93AC-4A25-4571-9ACF-1D2FE29A26B5}"
EndProject
Global
	GlobalSection(SolutionConfigurationPlatforms) = preSolution
		Debug|Any CPU = Debug|Any CPU
		Release|Any CPU = Release|Any CPU
	EndGlobalSection
	GlobalSection(ProjectConfigurationPlatforms) = postSolution
		{088E93AC-4A25-4571-9ACF-1D2FE29A26B5}.Debug|Any CPU.ActiveCfg = Debug|Any CPU
		{088E93AC-4A25-4571-9ACF-1D2FE29A26B5}.Debug|Any CPU.Build.0 = Debug|Any CPU
		{088E93AC-4A25-4571-9ACF-1D2FE29A26B5}.Release|Any CPU.ActiveCfg = Release|Any CPU
		{088E93AC-4A25-4571-9ACF-1D2FE29A26B5}.Release|Any CPU.Build.0 = Release|Any CPU
	EndGlobalSection
	GlobalSection(SolutionProperties) = preSolution
		HideSolutionNode = FALSE
	EndGlobalSection
	GlobalSection(ExtensibilityGlobals) = postSolution
		SolutionGuid = {D749339B-8E33-4665-8265-74F9123C1EE0}
	EndGlobalSection
EndGlobal
